
Microsoft Visual Studio Solution File, Format Version 12.00
# Visual Studio Version 16
VisualStudioVersion = 16.0.31129.286
MinimumVisualStudioVersion = 10.0.40219.1
Project("{9A19103F-16F7-4668-BE54-9A1E7A4F7556}") = "Week1", "Week1\Week1.csproj", "{18E9B2F2-968E-4B4F-8837-4C82E28FBB96}"
EndProject
Project("{9A19103F-16F7-4668-BE54-9A1E7A4F7556}") = "Assignment1", "Assignment1\Assignment1.csproj", "{E6FBF2D0-7257-4BA2-8D8C-0453A9DECADE}"
EndProject
Project("{9A19103F-16F7-4668-BE54-9A1E7A4F7556}") = "Week2", "Week2\Week2.csproj", "{1EDE5921-D0D3-48BD-9888-8FDA6DFEA2F0}"
EndProject
Project("{9A19103F-16F7-4668-BE54-9A1E7A4F7556}") = "Assignment2a", "Assignment2a\Assignment2a.csproj", "{257FE4BE-6BCC-4934-9D64-279461BB9B7A}"
EndProject
Project("{9A19103F-16F7-4668-BE54-9A1E7A4F7556}") = "Week3", "Week3\Week3.csproj", "{DD19B5A2-86F8-4B5A-8282-BEDA0D000863}"
EndProject
Project("{9A19103F-16F7-4668-BE54-9A1E7A4F7556}") = "Week4", "Week4\Week4.csproj", "{6A469C8B-6E81-483F-BD5C-7F073E4875ED}"
EndProject
Project("{9A19103F-16F7-4668-BE54-9A1E7A4F7556}") = "Week_5_Console_Example", "Week_5_Console_Example\Week_5_Console_Example.csproj", "{D65F5744-4D1C-49D0-BF4E-1EEE89683CD7}"
EndProject
Project("{9A19103F-16F7-4668-BE54-9A1E7A4F7556}") = "Week_5", "Week_5\Week_5.csproj", "{B4FA52C2-65D9-4F7F-AFF8-B240655FDCFE}"
EndProject
Project("{9A19103F-16F7-4668-BE54-9A1E7A4F7556}") = "WeaponLib", "WeaponLib\WeaponLib.csproj", "{C0B11FFC-2A1F-48D4-8180-B1BFD8B3E527}"
EndProject
Project("{9A19103F-16F7-4668-BE54-9A1E7A4F7556}") = "Assignment_2C", "Assignment_2C\Assignment_2C.csproj", "{912EF2D4-B676-4428-8609-33A803AA883B}"
EndProject
Project("{9A19103F-16F7-4668-BE54-9A1E7A4F7556}") = "TextureAtlasLib", "..\TextureAtlasLib\TextureAtlasLib.csproj", "{74BB94EB-BC7B-4BBA-92A3-D74268741500}"
EndProject
Project("{FAE04EC0-301F-11D3-BF4B-00C04F79EFBC}") = "Assignment_3", "Assignment_3\Assignment_3.csproj", "{B2D20D98-2DCC-4AFD-9B99-9E8E896C65A8}"
EndProject
Project("{FAE04EC0-301F-11D3-BF4B-00C04F79EFBC}") = "Assignment_4", "Assignment_4\Assignment_4.csproj", "{CEF381D9-F8CF-4B03-AB37-7F1DE745ED46}"
EndProject
Global
	GlobalSection(SolutionConfigurationPlatforms) = preSolution
		Debug|Any CPU = Debug|Any CPU
		Release|Any CPU = Release|Any CPU
	EndGlobalSection
	GlobalSection(ProjectConfigurationPlatforms) = postSolution
		{18E9B2F2-968E-4B4F-8837-4C82E28FBB96}.Debug|Any CPU.ActiveCfg = Debug|Any CPU
		{18E9B2F2-968E-4B4F-8837-4C82E28FBB96}.Debug|Any CPU.Build.0 = Debug|Any CPU
		{18E9B2F2-968E-4B4F-8837-4C82E28FBB96}.Release|Any CPU.ActiveCfg = Release|Any CPU
		{18E9B2F2-968E-4B4F-8837-4C82E28FBB96}.Release|Any CPU.Build.0 = Release|Any CPU
		{E6FBF2D0-7257-4BA2-8D8C-0453A9DECADE}.Debug|Any CPU.ActiveCfg = Debug|Any CPU
		{E6FBF2D0-7257-4BA2-8D8C-0453A9DECADE}.Debug|Any CPU.Build.0 = Debug|Any CPU
		{E6FBF2D0-7257-4BA2-8D8C-0453A9DECADE}.Release|Any CPU.ActiveCfg = Release|Any CPU
		{E6FBF2D0-7257-4BA2-8D8C-0453A9DECADE}.Release|Any CPU.Build.0 = Release|Any CPU
		{1EDE5921-D0D3-48BD-9888-8FDA6DFEA2F0}.Debug|Any CPU.ActiveCfg = Debug|Any CPU
		{1EDE5921-D0D3-48BD-9888-8FDA6DFEA2F0}.Debug|Any CPU.Build.0 = Debug|Any CPU
		{1EDE5921-D0D3-48BD-9888-8FDA6DFEA2F0}.Release|Any CPU.ActiveCfg = Release|Any CPU
		{1EDE5921-D0D3-48BD-9888-8FDA6DFEA2F0}.Release|Any CPU.Build.0 = Release|Any CPU
		{257FE4BE-6BCC-4934-9D64-279461BB9B7A}.Debug|Any CPU.ActiveCfg = Debug|Any CPU
		{257FE4BE-6BCC-4934-9D64-279461BB9B7A}.Debug|Any CPU.Build.0 = Debug|Any CPU
		{257FE4BE-6BCC-4934-9D64-279461BB9B7A}.Release|Any CPU.ActiveCfg = Release|Any CPU
		{257FE4BE-6BCC-4934-9D64-279461BB9B7A}.Release|Any CPU.Build.0 = Release|Any CPU
		{DD19B5A2-86F8-4B5A-8282-BEDA0D000863}.Debug|Any CPU.ActiveCfg = Debug|Any CPU
		{DD19B5A2-86F8-4B5A-8282-BEDA0D000863}.Debug|Any CPU.Build.0 = Debug|Any CPU
		{DD19B5A2-86F8-4B5A-8282-BEDA0D000863}.Release|Any CPU.ActiveCfg = Release|Any CPU
		{DD19B5A2-86F8-4B5A-8282-BEDA0D000863}.Release|Any CPU.Build.0 = Release|Any CPU
		{6A469C8B-6E81-483F-BD5C-7F073E4875ED}.Debug|Any CPU.ActiveCfg = Debug|Any CPU
		{6A469C8B-6E81-483F-BD5C-7F073E4875ED}.Debug|Any CPU.Build.0 = Debug|Any CPU
		{6A469C8B-6E81-483F-BD5C-7F073E4875ED}.Release|Any CPU.ActiveCfg = Release|Any CPU
		{6A469C8B-6E81-483F-BD5C-7F073E4875ED}.Release|Any CPU.Build.0 = Release|Any CPU
		{D65F5744-4D1C-49D0-BF4E-1EEE89683CD7}.Debug|Any CPU.ActiveCfg = Debug|Any CPU
		{D65F5744-4D1C-49D0-BF4E-1EEE89683CD7}.Debug|Any CPU.Build.0 = Debug|Any CPU
		{D65F5744-4D1C-49D0-BF4E-1EEE89683CD7}.Release|Any CPU.ActiveCfg = Release|Any CPU
		{D65F5744-4D1C-49D0-BF4E-1EEE89683CD7}.Release|Any CPU.Build.0 = Release|Any CPU
		{B4FA52C2-65D9-4F7F-AFF8-B240655FDCFE}.Debug|Any CPU.ActiveCfg = Debug|Any CPU
		{B4FA52C2-65D9-4F7F-AFF8-B240655FDCFE}.Debug|Any CPU.Build.0 = Debug|Any CPU
		{B4FA52C2-65D9-4F7F-AFF8-B240655FDCFE}.Release|Any CPU.ActiveCfg = Release|Any CPU
		{B4FA52C2-65D9-4F7F-AFF8-B240655FDCFE}.Release|Any CPU.Build.0 = Release|Any CPU
		{C0B11FFC-2A1F-48D4-8180-B1BFD8B3E527}.Debug|Any CPU.ActiveCfg = Debug|Any CPU
		{C0B11FFC-2A1F-48D4-8180-B1BFD8B3E527}.Debug|Any CPU.Build.0 = Debug|Any CPU
		{C0B11FFC-2A1F-48D4-8180-B1BFD8B3E527}.Release|Any CPU.ActiveCfg = Release|Any CPU
		{C0B11FFC-2A1F-48D4-8180-B1BFD8B3E527}.Release|Any CPU.Build.0 = Release|Any CPU
		{912EF2D4-B676-4428-8609-33A803AA883B}.Debug|Any CPU.ActiveCfg = Debug|Any CPU
		{912EF2D4-B676-4428-8609-33A803AA883B}.Debug|Any CPU.Build.0 = Debug|Any CPU
		{912EF2D4-B676-4428-8609-33A803AA883B}.Release|Any CPU.ActiveCfg = Release|Any CPU
		{912EF2D4-B676-4428-8609-33A803AA883B}.Release|Any CPU.Build.0 = Release|Any CPU
		{74BB94EB-BC7B-4BBA-92A3-D74268741500}.Debug|Any CPU.ActiveCfg = Debug|Any CPU
		{74BB94EB-BC7B-4BBA-92A3-D74268741500}.Debug|Any CPU.Build.0 = Debug|Any CPU
		{74BB94EB-BC7B-4BBA-92A3-D74268741500}.Release|Any CPU.ActiveCfg = Release|Any CPU
		{74BB94EB-BC7B-4BBA-92A3-D74268741500}.Release|Any CPU.Build.0 = Release|Any CPU
		{B2D20D98-2DCC-4AFD-9B99-9E8E896C65A8}.Debug|Any CPU.ActiveCfg = Debug|Any CPU
		{B2D20D98-2DCC-4AFD-9B99-9E8E896C65A8}.Debug|Any CPU.Build.0 = Debug|Any CPU
		{B2D20D98-2DCC-4AFD-9B99-9E8E896C65A8}.Release|Any CPU.ActiveCfg = Release|Any CPU
		{B2D20D98-2DCC-4AFD-9B99-9E8E896C65A8}.Release|Any CPU.Build.0 = Release|Any CPU
		{CEF381D9-F8CF-4B03-AB37-7F1DE745ED46}.Debug|Any CPU.ActiveCfg = Debug|Any CPU
		{CEF381D9-F8CF-4B03-AB37-7F1DE745ED46}.Debug|Any CPU.Build.0 = Debug|Any CPU
		{CEF381D9-F8CF-4B03-AB37-7F1DE745ED46}.Release|Any CPU.ActiveCfg = Release|Any CPU
		{CEF381D9-F8CF-4B03-AB37-7F1DE745ED46}.Release|Any CPU.Build.0 = Release|Any CPU
	EndGlobalSection
	GlobalSection(SolutionProperties) = preSolution
		HideSolutionNode = FALSE
	EndGlobalSection
	GlobalSection(ExtensibilityGlobals) = postSolution
		SolutionGuid = {0396C422-C172-4158-87DA-6684BBA4DC60}
	EndGlobalSection
EndGlobal
